// !$*UTF8*$!
{
	archiveVersion = 1;
	classes = {
	};
	objectVersion = 50;
	objects = {

/* Begin PBXBuildFile section */
		0DF87B65959F11CA6C6B3292 /* Pods_InnCloudUITests.framework in Frameworks */ = {isa = PBXBuildFile; fileRef = 0CC0638ECDEBFC7EEC55C547 /* Pods_InnCloudUITests.framework */; };
		1F36643D79C84E2BD82457DE /* Pods_InnCloud.framework in Frameworks */ = {isa = PBXBuildFile; fileRef = 49C02E660E63D9E71E97CE4F /* Pods_InnCloud.framework */; };
		DBBF04F114C5955E9C3933FA /* Pods_InnCloudTests.framework in Frameworks */ = {isa = PBXBuildFile; fileRef = 400664CD8F2BFDD918C38A8F /* Pods_InnCloudTests.framework */; };
		EC0678B92123D43400DF0466 /* VendorHeader.swift in Sources */ = {isa = PBXBuildFile; fileRef = EC0678B82123D43400DF0466 /* VendorHeader.swift */; };
		EC0678BE2124034600DF0466 /* ICPertinentController.swift in Sources */ = {isa = PBXBuildFile; fileRef = EC0678BC2124034600DF0466 /* ICPertinentController.swift */; };
		EC0678BF2124034600DF0466 /* ICPertinentController.xib in Resources */ = {isa = PBXBuildFile; fileRef = EC0678BD2124034600DF0466 /* ICPertinentController.xib */; };
		EC0678C42124044900DF0466 /* ICPersonalCenterController.swift in Sources */ = {isa = PBXBuildFile; fileRef = EC0678C22124044900DF0466 /* ICPersonalCenterController.swift */; };
		EC0678C52124044900DF0466 /* ICPersonalCenterController.xib in Resources */ = {isa = PBXBuildFile; fileRef = EC0678C32124044900DF0466 /* ICPersonalCenterController.xib */; };
		EC0678C72124092900DF0466 /* ICTableView.swift in Sources */ = {isa = PBXBuildFile; fileRef = EC0678C62124092900DF0466 /* ICTableView.swift */; };
		EC0678C92124094300DF0466 /* ICTableViewCell.swift in Sources */ = {isa = PBXBuildFile; fileRef = EC0678C82124094300DF0466 /* ICTableViewCell.swift */; };
		EC0678D02124231800DF0466 /* ICListDataSource.swift in Sources */ = {isa = PBXBuildFile; fileRef = EC0678CF2124231800DF0466 /* ICListDataSource.swift */; };
		EC0678D3212431D100DF0466 /* ICInnListDataSource.swift in Sources */ = {isa = PBXBuildFile; fileRef = EC0678D2212431D100DF0466 /* ICInnListDataSource.swift */; };
		EC099CCE212666FA0002AA65 /* ICTopicListDataSource.swift in Sources */ = {isa = PBXBuildFile; fileRef = EC099CCD212666FA0002AA65 /* ICTopicListDataSource.swift */; };
		EC099CD1212669980002AA65 /* ICTopicListViewCell.swift in Sources */ = {isa = PBXBuildFile; fileRef = EC099CCF212669980002AA65 /* ICTopicListViewCell.swift */; };
		EC099CD2212669980002AA65 /* ICTopicListViewCell.xib in Resources */ = {isa = PBXBuildFile; fileRef = EC099CD0212669980002AA65 /* ICTopicListViewCell.xib */; };
		EC099CD421266A620002AA65 /* ICTopicListViewCellModel.swift in Sources */ = {isa = PBXBuildFile; fileRef = EC099CD321266A620002AA65 /* ICTopicListViewCellModel.swift */; };
		EC099CD92126B21C0002AA65 /* ICTopicListController.swift in Sources */ = {isa = PBXBuildFile; fileRef = EC099CD72126B21C0002AA65 /* ICTopicListController.swift */; };
		EC099CDA2126B21C0002AA65 /* ICTopicListController.xib in Resources */ = {isa = PBXBuildFile; fileRef = EC099CD82126B21C0002AA65 /* ICTopicListController.xib */; };
		EC2E7B02212E53C4004C49F9 /* TopicDiscussionDataTest.plist in Resources */ = {isa = PBXBuildFile; fileRef = EC2E7B01212E53C4004C49F9 /* TopicDiscussionDataTest.plist */; };
		EC2E7B04212E8D1F004C49F9 /* ICTopicDiscussionTitleHeader.swift in Sources */ = {isa = PBXBuildFile; fileRef = EC2E7B03212E8D1F004C49F9 /* ICTopicDiscussionTitleHeader.swift */; };
		EC2E7B07212E8D4B004C49F9 /* ICTopicDiscussionTitleHeader.xib in Resources */ = {isa = PBXBuildFile; fileRef = EC2E7B06212E8D4B004C49F9 /* ICTopicDiscussionTitleHeader.xib */; };
		EC2FB5E3212C093000D08CE0 /* ICView.swift in Sources */ = {isa = PBXBuildFile; fileRef = EC2FB5E2212C093000D08CE0 /* ICView.swift */; };
		EC2FB5E5212C097200D08CE0 /* ICPersonalCenterHeader.swift in Sources */ = {isa = PBXBuildFile; fileRef = EC2FB5E4212C097200D08CE0 /* ICPersonalCenterHeader.swift */; };
		EC2FB5E7212C098D00D08CE0 /* ICPersonalCenterHeader.xib in Resources */ = {isa = PBXBuildFile; fileRef = EC2FB5E6212C098D00D08CE0 /* ICPersonalCenterHeader.xib */; };
		EC38D2A8212FB02A008B91E7 /* ICMessageController.swift in Sources */ = {isa = PBXBuildFile; fileRef = EC38D2A6212FB02A008B91E7 /* ICMessageController.swift */; };
		EC38D2A9212FB02A008B91E7 /* ICMessageController.xib in Resources */ = {isa = PBXBuildFile; fileRef = EC38D2A7212FB02A008B91E7 /* ICMessageController.xib */; };
		EC4D26F8212A6C1500795A92 /* UIViewController+DismissKeyboard.swift in Sources */ = {isa = PBXBuildFile; fileRef = EC4D26F7212A6C1500795A92 /* UIViewController+DismissKeyboard.swift */; };
		EC4D2700212AA6E900795A92 /* ICTopicDiscussionController.swift in Sources */ = {isa = PBXBuildFile; fileRef = EC4D26FE212AA6E900795A92 /* ICTopicDiscussionController.swift */; };
		EC4D2701212AA6E900795A92 /* ICTopicDiscussionController.xib in Resources */ = {isa = PBXBuildFile; fileRef = EC4D26FF212AA6E900795A92 /* ICTopicDiscussionController.xib */; };
		EC4D2703212AA71100795A92 /* ICTopicDiscussionDataSource.swift in Sources */ = {isa = PBXBuildFile; fileRef = EC4D2702212AA71100795A92 /* ICTopicDiscussionDataSource.swift */; };
		EC4D2705212AA74700795A92 /* ICTopicDiscussionView.swift in Sources */ = {isa = PBXBuildFile; fileRef = EC4D2704212AA74700795A92 /* ICTopicDiscussionView.swift */; };
		EC4D2709212AA77500795A92 /* ICTopicDiscussionCell.swift in Sources */ = {isa = PBXBuildFile; fileRef = EC4D2707212AA77500795A92 /* ICTopicDiscussionCell.swift */; };
		EC4D270A212AA77500795A92 /* ICTopicDiscussionCell.xib in Resources */ = {isa = PBXBuildFile; fileRef = EC4D2708212AA77500795A92 /* ICTopicDiscussionCell.xib */; };
		EC4D270C212AA79E00795A92 /* ICTopicDiscussionCellModel.swift in Sources */ = {isa = PBXBuildFile; fileRef = EC4D270B212AA79E00795A92 /* ICTopicDiscussionCellModel.swift */; };
		EC4D2712212ABF8200795A92 /* ICPersonalCenterCellModel.swift in Sources */ = {isa = PBXBuildFile; fileRef = EC4D2711212ABF8200795A92 /* ICPersonalCenterCellModel.swift */; };
		EC4D2715212ABFA600795A92 /* ICPersonalCenterCell.swift in Sources */ = {isa = PBXBuildFile; fileRef = EC4D2713212ABFA600795A92 /* ICPersonalCenterCell.swift */; };
		EC4D2716212ABFA600795A92 /* ICPersonalCenterCell.xib in Resources */ = {isa = PBXBuildFile; fileRef = EC4D2714212ABFA600795A92 /* ICPersonalCenterCell.xib */; };
		EC4D2718212ABFB900795A92 /* ICPersonalCenterView.swift in Sources */ = {isa = PBXBuildFile; fileRef = EC4D2717212ABFB900795A92 /* ICPersonalCenterView.swift */; };
		EC4D271B212ABFDD00795A92 /* ICPersonalCenterDataSource.swift in Sources */ = {isa = PBXBuildFile; fileRef = EC4D271A212ABFDD00795A92 /* ICPersonalCenterDataSource.swift */; };
		EC59807C21254C7A00547E3E /* ICViewModel.swift in Sources */ = {isa = PBXBuildFile; fileRef = EC59807B21254C7A00547E3E /* ICViewModel.swift */; };
		EC59807E21256C4300547E3E /* ICInnListCellModel.swift in Sources */ = {isa = PBXBuildFile; fileRef = EC59807D21256C4300547E3E /* ICInnListCellModel.swift */; };
		EC59808121257F0300547E3E /* ICTopicListView.swift in Sources */ = {isa = PBXBuildFile; fileRef = EC59808021257F0300547E3E /* ICTopicListView.swift */; };
		ECA2C3E02122A9A90011EFD3 /* AppDelegate.swift in Sources */ = {isa = PBXBuildFile; fileRef = ECA2C3DF2122A9A90011EFD3 /* AppDelegate.swift */; };
		ECA2C3E82122A9A90011EFD3 /* InnCloud.xcdatamodeld in Sources */ = {isa = PBXBuildFile; fileRef = ECA2C3E62122A9A90011EFD3 /* InnCloud.xcdatamodeld */; };
		ECA2C3EA2122A9AA0011EFD3 /* Assets.xcassets in Resources */ = {isa = PBXBuildFile; fileRef = ECA2C3E92122A9AA0011EFD3 /* Assets.xcassets */; };
		ECA2C3ED2122A9AA0011EFD3 /* LaunchScreen.storyboard in Resources */ = {isa = PBXBuildFile; fileRef = ECA2C3EB2122A9AA0011EFD3 /* LaunchScreen.storyboard */; };
		ECA2C3F82122A9AA0011EFD3 /* InnCloudTests.swift in Sources */ = {isa = PBXBuildFile; fileRef = ECA2C3F72122A9AA0011EFD3 /* InnCloudTests.swift */; };
		ECA2C4032122A9AA0011EFD3 /* InnCloudUITests.swift in Sources */ = {isa = PBXBuildFile; fileRef = ECA2C4022122A9AA0011EFD3 /* InnCloudUITests.swift */; };
		ECA2C4162122B1580011EFD3 /* ICViewController.swift in Sources */ = {isa = PBXBuildFile; fileRef = ECA2C4152122B1580011EFD3 /* ICViewController.swift */; };
		ECA2C4192122B2160011EFD3 /* ICMainTabBarController.swift in Sources */ = {isa = PBXBuildFile; fileRef = ECA2C4182122B2160011EFD3 /* ICMainTabBarController.swift */; };
		ECA2C41B2122B8480011EFD3 /* ICNavigationControllerr.swift in Sources */ = {isa = PBXBuildFile; fileRef = ECA2C41A2122B8480011EFD3 /* ICNavigationControllerr.swift */; };
		ECA2C4202122BE270011EFD3 /* ICRecommendationController.swift in Sources */ = {isa = PBXBuildFile; fileRef = ECA2C41E2122BE270011EFD3 /* ICRecommendationController.swift */; };
		ECA2C4212122BE270011EFD3 /* ICRecommendationController.xib in Resources */ = {isa = PBXBuildFile; fileRef = ECA2C41F2122BE270011EFD3 /* ICRecommendationController.xib */; };
		ECA2C4232122CEE10011EFD3 /* ICCollectionView.swift in Sources */ = {isa = PBXBuildFile; fileRef = ECA2C4222122CEE10011EFD3 /* ICCollectionView.swift */; };
		ECA2C4252122CEFF0011EFD3 /* ICCollectionViewCell.swift in Sources */ = {isa = PBXBuildFile; fileRef = ECA2C4242122CEFF0011EFD3 /* ICCollectionViewCell.swift */; };
		ECA2C4292122DA350011EFD3 /* ICInnListView.swift in Sources */ = {isa = PBXBuildFile; fileRef = ECA2C4282122DA350011EFD3 /* ICInnListView.swift */; };
		ECA2C42C2122DA530011EFD3 /* ICInnListViewCell.swift in Sources */ = {isa = PBXBuildFile; fileRef = ECA2C42A2122DA530011EFD3 /* ICInnListViewCell.swift */; };
		ECA2C42D2122DA530011EFD3 /* ICInnListViewCell.xib in Resources */ = {isa = PBXBuildFile; fileRef = ECA2C42B2122DA530011EFD3 /* ICInnListViewCell.xib */; };
/* End PBXBuildFile section */

/* Begin PBXContainerItemProxy section */
		ECA2C3F42122A9AA0011EFD3 /* PBXContainerItemProxy */ = {
			isa = PBXContainerItemProxy;
			containerPortal = ECA2C3D42122A9A90011EFD3 /* Project object */;
			proxyType = 1;
			remoteGlobalIDString = ECA2C3DB2122A9A90011EFD3;
			remoteInfo = InnCloud;
		};
		ECA2C3FF2122A9AA0011EFD3 /* PBXContainerItemProxy */ = {
			isa = PBXContainerItemProxy;
			containerPortal = ECA2C3D42122A9A90011EFD3 /* Project object */;
			proxyType = 1;
			remoteGlobalIDString = ECA2C3DB2122A9A90011EFD3;
			remoteInfo = InnCloud;
		};
/* End PBXContainerItemProxy section */

/* Begin PBXFileReference section */
		0863CA54CCB5B078CB02AECA /* Pods-InnCloudUITests.release.xcconfig */ = {isa = PBXFileReference; includeInIndex = 1; lastKnownFileType = text.xcconfig; name = "Pods-InnCloudUITests.release.xcconfig"; path = "Pods/Target Support Files/Pods-InnCloudUITests/Pods-InnCloudUITests.release.xcconfig"; sourceTree = "<group>"; };
		0CC0638ECDEBFC7EEC55C547 /* Pods_InnCloudUITests.framework */ = {isa = PBXFileReference; explicitFileType = wrapper.framework; includeInIndex = 0; path = Pods_InnCloudUITests.framework; sourceTree = BUILT_PRODUCTS_DIR; };
		293D52F481BEBB5E254B8EE9 /* Pods-InnCloud.debug.xcconfig */ = {isa = PBXFileReference; includeInIndex = 1; lastKnownFileType = text.xcconfig; name = "Pods-InnCloud.debug.xcconfig"; path = "Pods/Target Support Files/Pods-InnCloud/Pods-InnCloud.debug.xcconfig"; sourceTree = "<group>"; };
		400664CD8F2BFDD918C38A8F /* Pods_InnCloudTests.framework */ = {isa = PBXFileReference; explicitFileType = wrapper.framework; includeInIndex = 0; path = Pods_InnCloudTests.framework; sourceTree = BUILT_PRODUCTS_DIR; };
		49C02E660E63D9E71E97CE4F /* Pods_InnCloud.framework */ = {isa = PBXFileReference; explicitFileType = wrapper.framework; includeInIndex = 0; path = Pods_InnCloud.framework; sourceTree = BUILT_PRODUCTS_DIR; };
		64EA03146FD4102DF8CC2AC5 /* Pods-InnCloudUITests.debug.xcconfig */ = {isa = PBXFileReference; includeInIndex = 1; lastKnownFileType = text.xcconfig; name = "Pods-InnCloudUITests.debug.xcconfig"; path = "Pods/Target Support Files/Pods-InnCloudUITests/Pods-InnCloudUITests.debug.xcconfig"; sourceTree = "<group>"; };
		9995DE2BA31FB57848033178 /* Pods-InnCloudTests.debug.xcconfig */ = {isa = PBXFileReference; includeInIndex = 1; lastKnownFileType = text.xcconfig; name = "Pods-InnCloudTests.debug.xcconfig"; path = "Pods/Target Support Files/Pods-InnCloudTests/Pods-InnCloudTests.debug.xcconfig"; sourceTree = "<group>"; };
		BB5B511408374117A58FE0BD /* Pods-InnCloudTests.release.xcconfig */ = {isa = PBXFileReference; includeInIndex = 1; lastKnownFileType = text.xcconfig; name = "Pods-InnCloudTests.release.xcconfig"; path = "Pods/Target Support Files/Pods-InnCloudTests/Pods-InnCloudTests.release.xcconfig"; sourceTree = "<group>"; };
		EC0678B82123D43400DF0466 /* VendorHeader.swift */ = {isa = PBXFileReference; lastKnownFileType = sourcecode.swift; path = VendorHeader.swift; sourceTree = "<group>"; };
		EC0678BC2124034600DF0466 /* ICPertinentController.swift */ = {isa = PBXFileReference; lastKnownFileType = sourcecode.swift; path = ICPertinentController.swift; sourceTree = "<group>"; };
		EC0678BD2124034600DF0466 /* ICPertinentController.xib */ = {isa = PBXFileReference; lastKnownFileType = file.xib; path = ICPertinentController.xib; sourceTree = "<group>"; };
		EC0678C22124044900DF0466 /* ICPersonalCenterController.swift */ = {isa = PBXFileReference; lastKnownFileType = sourcecode.swift; path = ICPersonalCenterController.swift; sourceTree = "<group>"; };
		EC0678C32124044900DF0466 /* ICPersonalCenterController.xib */ = {isa = PBXFileReference; lastKnownFileType = file.xib; path = ICPersonalCenterController.xib; sourceTree = "<group>"; };
		EC0678C62124092900DF0466 /* ICTableView.swift */ = {isa = PBXFileReference; lastKnownFileType = sourcecode.swift; path = ICTableView.swift; sourceTree = "<group>"; };
		EC0678C82124094300DF0466 /* ICTableViewCell.swift */ = {isa = PBXFileReference; lastKnownFileType = sourcecode.swift; path = ICTableViewCell.swift; sourceTree = "<group>"; };
		EC0678CF2124231800DF0466 /* ICListDataSource.swift */ = {isa = PBXFileReference; lastKnownFileType = sourcecode.swift; path = ICListDataSource.swift; sourceTree = "<group>"; };
		EC0678D2212431D100DF0466 /* ICInnListDataSource.swift */ = {isa = PBXFileReference; lastKnownFileType = sourcecode.swift; path = ICInnListDataSource.swift; sourceTree = "<group>"; };
		EC099CCD212666FA0002AA65 /* ICTopicListDataSource.swift */ = {isa = PBXFileReference; lastKnownFileType = sourcecode.swift; path = ICTopicListDataSource.swift; sourceTree = "<group>"; };
		EC099CCF212669980002AA65 /* ICTopicListViewCell.swift */ = {isa = PBXFileReference; lastKnownFileType = sourcecode.swift; path = ICTopicListViewCell.swift; sourceTree = "<group>"; };
		EC099CD0212669980002AA65 /* ICTopicListViewCell.xib */ = {isa = PBXFileReference; lastKnownFileType = file.xib; path = ICTopicListViewCell.xib; sourceTree = "<group>"; };
		EC099CD321266A620002AA65 /* ICTopicListViewCellModel.swift */ = {isa = PBXFileReference; lastKnownFileType = sourcecode.swift; path = ICTopicListViewCellModel.swift; sourceTree = "<group>"; };
		EC099CD72126B21C0002AA65 /* ICTopicListController.swift */ = {isa = PBXFileReference; lastKnownFileType = sourcecode.swift; path = ICTopicListController.swift; sourceTree = "<group>"; };
		EC099CD82126B21C0002AA65 /* ICTopicListController.xib */ = {isa = PBXFileReference; lastKnownFileType = file.xib; path = ICTopicListController.xib; sourceTree = "<group>"; };
		EC2E7B01212E53C4004C49F9 /* TopicDiscussionDataTest.plist */ = {isa = PBXFileReference; lastKnownFileType = text.plist.xml; path = TopicDiscussionDataTest.plist; sourceTree = "<group>"; };
		EC2E7B03212E8D1F004C49F9 /* ICTopicDiscussionTitleHeader.swift */ = {isa = PBXFileReference; lastKnownFileType = sourcecode.swift; path = ICTopicDiscussionTitleHeader.swift; sourceTree = "<group>"; };
		EC2E7B06212E8D4B004C49F9 /* ICTopicDiscussionTitleHeader.xib */ = {isa = PBXFileReference; lastKnownFileType = file.xib; path = ICTopicDiscussionTitleHeader.xib; sourceTree = "<group>"; };
		EC2FB5E2212C093000D08CE0 /* ICView.swift */ = {isa = PBXFileReference; lastKnownFileType = sourcecode.swift; path = ICView.swift; sourceTree = "<group>"; };
		EC2FB5E4212C097200D08CE0 /* ICPersonalCenterHeader.swift */ = {isa = PBXFileReference; lastKnownFileType = sourcecode.swift; path = ICPersonalCenterHeader.swift; sourceTree = "<group>"; };
		EC2FB5E6212C098D00D08CE0 /* ICPersonalCenterHeader.xib */ = {isa = PBXFileReference; lastKnownFileType = file.xib; path = ICPersonalCenterHeader.xib; sourceTree = "<group>"; };
		EC38D2A6212FB02A008B91E7 /* ICMessageController.swift */ = {isa = PBXFileReference; lastKnownFileType = sourcecode.swift; path = ICMessageController.swift; sourceTree = "<group>"; };
		EC38D2A7212FB02A008B91E7 /* ICMessageController.xib */ = {isa = PBXFileReference; lastKnownFileType = file.xib; path = ICMessageController.xib; sourceTree = "<group>"; };
		EC4D26F7212A6C1500795A92 /* UIViewController+DismissKeyboard.swift */ = {isa = PBXFileReference; lastKnownFileType = sourcecode.swift; path = "UIViewController+DismissKeyboard.swift"; sourceTree = "<group>"; };
		EC4D26FE212AA6E900795A92 /* ICTopicDiscussionController.swift */ = {isa = PBXFileReference; lastKnownFileType = sourcecode.swift; path = ICTopicDiscussionController.swift; sourceTree = "<group>"; };
		EC4D26FF212AA6E900795A92 /* ICTopicDiscussionController.xib */ = {isa = PBXFileReference; lastKnownFileType = file.xib; path = ICTopicDiscussionController.xib; sourceTree = "<group>"; };
		EC4D2702212AA71100795A92 /* ICTopicDiscussionDataSource.swift */ = {isa = PBXFileReference; lastKnownFileType = sourcecode.swift; path = ICTopicDiscussionDataSource.swift; sourceTree = "<group>"; };
		EC4D2704212AA74700795A92 /* ICTopicDiscussionView.swift */ = {isa = PBXFileReference; lastKnownFileType = sourcecode.swift; path = ICTopicDiscussionView.swift; sourceTree = "<group>"; };
		EC4D2707212AA77500795A92 /* ICTopicDiscussionCell.swift */ = {isa = PBXFileReference; lastKnownFileType = sourcecode.swift; path = ICTopicDiscussionCell.swift; sourceTree = "<group>"; };
		EC4D2708212AA77500795A92 /* ICTopicDiscussionCell.xib */ = {isa = PBXFileReference; lastKnownFileType = file.xib; path = ICTopicDiscussionCell.xib; sourceTree = "<group>"; };
		EC4D270B212AA79E00795A92 /* ICTopicDiscussionCellModel.swift */ = {isa = PBXFileReference; lastKnownFileType = sourcecode.swift; path = ICTopicDiscussionCellModel.swift; sourceTree = "<group>"; };
		EC4D2711212ABF8200795A92 /* ICPersonalCenterCellModel.swift */ = {isa = PBXFileReference; lastKnownFileType = sourcecode.swift; path = ICPersonalCenterCellModel.swift; sourceTree = "<group>"; };
		EC4D2713212ABFA600795A92 /* ICPersonalCenterCell.swift */ = {isa = PBXFileReference; lastKnownFileType = sourcecode.swift; path = ICPersonalCenterCell.swift; sourceTree = "<group>"; };
		EC4D2714212ABFA600795A92 /* ICPersonalCenterCell.xib */ = {isa = PBXFileReference; lastKnownFileType = file.xib; path = ICPersonalCenterCell.xib; sourceTree = "<group>"; };
		EC4D2717212ABFB900795A92 /* ICPersonalCenterView.swift */ = {isa = PBXFileReference; lastKnownFileType = sourcecode.swift; path = ICPersonalCenterView.swift; sourceTree = "<group>"; };
		EC4D271A212ABFDD00795A92 /* ICPersonalCenterDataSource.swift */ = {isa = PBXFileReference; lastKnownFileType = sourcecode.swift; path = ICPersonalCenterDataSource.swift; sourceTree = "<group>"; };
		EC59807B21254C7A00547E3E /* ICViewModel.swift */ = {isa = PBXFileReference; lastKnownFileType = sourcecode.swift; path = ICViewModel.swift; sourceTree = "<group>"; };
		EC59807D21256C4300547E3E /* ICInnListCellModel.swift */ = {isa = PBXFileReference; lastKnownFileType = sourcecode.swift; path = ICInnListCellModel.swift; sourceTree = "<group>"; };
		EC59808021257F0300547E3E /* ICTopicListView.swift */ = {isa = PBXFileReference; lastKnownFileType = sourcecode.swift; path = ICTopicListView.swift; sourceTree = "<group>"; };
		ECA2C3DC2122A9A90011EFD3 /* InnCloud.app */ = {isa = PBXFileReference; explicitFileType = wrapper.application; includeInIndex = 0; path = InnCloud.app; sourceTree = BUILT_PRODUCTS_DIR; };
		ECA2C3DF2122A9A90011EFD3 /* AppDelegate.swift */ = {isa = PBXFileReference; lastKnownFileType = sourcecode.swift; path = AppDelegate.swift; sourceTree = "<group>"; };
		ECA2C3E72122A9A90011EFD3 /* InnCloud.xcdatamodel */ = {isa = PBXFileReference; lastKnownFileType = wrapper.xcdatamodel; path = InnCloud.xcdatamodel; sourceTree = "<group>"; };
		ECA2C3E92122A9AA0011EFD3 /* Assets.xcassets */ = {isa = PBXFileReference; lastKnownFileType = folder.assetcatalog; path = Assets.xcassets; sourceTree = "<group>"; };
		ECA2C3EC2122A9AA0011EFD3 /* Base */ = {isa = PBXFileReference; lastKnownFileType = file.storyboard; name = Base; path = Base.lproj/LaunchScreen.storyboard; sourceTree = "<group>"; };
		ECA2C3EE2122A9AA0011EFD3 /* Info.plist */ = {isa = PBXFileReference; lastKnownFileType = text.plist.xml; path = Info.plist; sourceTree = "<group>"; };
		ECA2C3F32122A9AA0011EFD3 /* InnCloudTests.xctest */ = {isa = PBXFileReference; explicitFileType = wrapper.cfbundle; includeInIndex = 0; path = InnCloudTests.xctest; sourceTree = BUILT_PRODUCTS_DIR; };
		ECA2C3F72122A9AA0011EFD3 /* InnCloudTests.swift */ = {isa = PBXFileReference; lastKnownFileType = sourcecode.swift; path = InnCloudTests.swift; sourceTree = "<group>"; };
		ECA2C3F92122A9AA0011EFD3 /* Info.plist */ = {isa = PBXFileReference; lastKnownFileType = text.plist.xml; path = Info.plist; sourceTree = "<group>"; };
		ECA2C3FE2122A9AA0011EFD3 /* InnCloudUITests.xctest */ = {isa = PBXFileReference; explicitFileType = wrapper.cfbundle; includeInIndex = 0; path = InnCloudUITests.xctest; sourceTree = BUILT_PRODUCTS_DIR; };
		ECA2C4022122A9AA0011EFD3 /* InnCloudUITests.swift */ = {isa = PBXFileReference; lastKnownFileType = sourcecode.swift; path = InnCloudUITests.swift; sourceTree = "<group>"; };
		ECA2C4042122A9AA0011EFD3 /* Info.plist */ = {isa = PBXFileReference; lastKnownFileType = text.plist.xml; path = Info.plist; sourceTree = "<group>"; };
		ECA2C4152122B1580011EFD3 /* ICViewController.swift */ = {isa = PBXFileReference; lastKnownFileType = sourcecode.swift; path = ICViewController.swift; sourceTree = "<group>"; };
		ECA2C4182122B2160011EFD3 /* ICMainTabBarController.swift */ = {isa = PBXFileReference; lastKnownFileType = sourcecode.swift; path = ICMainTabBarController.swift; sourceTree = "<group>"; };
		ECA2C41A2122B8480011EFD3 /* ICNavigationControllerr.swift */ = {isa = PBXFileReference; lastKnownFileType = sourcecode.swift; path = ICNavigationControllerr.swift; sourceTree = "<group>"; };
		ECA2C41E2122BE270011EFD3 /* ICRecommendationController.swift */ = {isa = PBXFileReference; lastKnownFileType = sourcecode.swift; path = ICRecommendationController.swift; sourceTree = "<group>"; };
		ECA2C41F2122BE270011EFD3 /* ICRecommendationController.xib */ = {isa = PBXFileReference; lastKnownFileType = file.xib; path = ICRecommendationController.xib; sourceTree = "<group>"; };
		ECA2C4222122CEE10011EFD3 /* ICCollectionView.swift */ = {isa = PBXFileReference; lastKnownFileType = sourcecode.swift; path = ICCollectionView.swift; sourceTree = "<group>"; };
		ECA2C4242122CEFF0011EFD3 /* ICCollectionViewCell.swift */ = {isa = PBXFileReference; lastKnownFileType = sourcecode.swift; path = ICCollectionViewCell.swift; sourceTree = "<group>"; };
		ECA2C4282122DA350011EFD3 /* ICInnListView.swift */ = {isa = PBXFileReference; lastKnownFileType = sourcecode.swift; path = ICInnListView.swift; sourceTree = "<group>"; };
		ECA2C42A2122DA530011EFD3 /* ICInnListViewCell.swift */ = {isa = PBXFileReference; lastKnownFileType = sourcecode.swift; path = ICInnListViewCell.swift; sourceTree = "<group>"; };
		ECA2C42B2122DA530011EFD3 /* ICInnListViewCell.xib */ = {isa = PBXFileReference; lastKnownFileType = file.xib; path = ICInnListViewCell.xib; sourceTree = "<group>"; };
		F1AEF030E9FAFACD80883D08 /* Pods-InnCloud.release.xcconfig */ = {isa = PBXFileReference; includeInIndex = 1; lastKnownFileType = text.xcconfig; name = "Pods-InnCloud.release.xcconfig"; path = "Pods/Target Support Files/Pods-InnCloud/Pods-InnCloud.release.xcconfig"; sourceTree = "<group>"; };
/* End PBXFileReference section */

/* Begin PBXFrameworksBuildPhase section */
		ECA2C3D92122A9A90011EFD3 /* Frameworks */ = {
			isa = PBXFrameworksBuildPhase;
			buildActionMask = 2147483647;
			files = (
				1F36643D79C84E2BD82457DE /* Pods_InnCloud.framework in Frameworks */,
			);
			runOnlyForDeploymentPostprocessing = 0;
		};
		ECA2C3F02122A9AA0011EFD3 /* Frameworks */ = {
			isa = PBXFrameworksBuildPhase;
			buildActionMask = 2147483647;
			files = (
				DBBF04F114C5955E9C3933FA /* Pods_InnCloudTests.framework in Frameworks */,
			);
			runOnlyForDeploymentPostprocessing = 0;
		};
		ECA2C3FB2122A9AA0011EFD3 /* Frameworks */ = {
			isa = PBXFrameworksBuildPhase;
			buildActionMask = 2147483647;
			files = (
				0DF87B65959F11CA6C6B3292 /* Pods_InnCloudUITests.framework in Frameworks */,
			);
			runOnlyForDeploymentPostprocessing = 0;
		};
/* End PBXFrameworksBuildPhase section */

/* Begin PBXGroup section */
		3A1C22A2481360C5F8D29AAC /* Frameworks */ = {
			isa = PBXGroup;
			children = (
				49C02E660E63D9E71E97CE4F /* Pods_InnCloud.framework */,
				400664CD8F2BFDD918C38A8F /* Pods_InnCloudTests.framework */,
				0CC0638ECDEBFC7EEC55C547 /* Pods_InnCloudUITests.framework */,
			);
			name = Frameworks;
			sourceTree = "<group>";
		};
		DAB3BEDAB86F5D7E94300787 /* Pods */ = {
			isa = PBXGroup;
			children = (
				293D52F481BEBB5E254B8EE9 /* Pods-InnCloud.debug.xcconfig */,
				F1AEF030E9FAFACD80883D08 /* Pods-InnCloud.release.xcconfig */,
				9995DE2BA31FB57848033178 /* Pods-InnCloudTests.debug.xcconfig */,
				BB5B511408374117A58FE0BD /* Pods-InnCloudTests.release.xcconfig */,
				64EA03146FD4102DF8CC2AC5 /* Pods-InnCloudUITests.debug.xcconfig */,
				0863CA54CCB5B078CB02AECA /* Pods-InnCloudUITests.release.xcconfig */,
			);
			name = Pods;
			sourceTree = "<group>";
		};
		EC0678B62123D40E00DF0466 /* Public */ = {
			isa = PBXGroup;
			children = (
				EC0678B72123D42000DF0466 /* Vendor */,
				EC4D26F6212A6BC900795A92 /* Category */,
			);
			path = Public;
			sourceTree = "<group>";
		};
		EC0678B72123D42000DF0466 /* Vendor */ = {
			isa = PBXGroup;
			children = (
				EC0678B82123D43400DF0466 /* VendorHeader.swift */,
			);
			path = Vendor;
			sourceTree = "<group>";
		};
		EC0678BA212402ED00DF0466 /* Pertinent */ = {
			isa = PBXGroup;
			children = (
				EC0678BB2124032B00DF0466 /* Controller */,
			);
			path = Pertinent;
			sourceTree = "<group>";
		};
		EC0678BB2124032B00DF0466 /* Controller */ = {
			isa = PBXGroup;
			children = (
				EC0678BC2124034600DF0466 /* ICPertinentController.swift */,
				EC0678BD2124034600DF0466 /* ICPertinentController.xib */,
			);
			path = Controller;
			sourceTree = "<group>";
		};
		EC0678C02124040F00DF0466 /* PersonalCenter */ = {
			isa = PBXGroup;
			children = (
				EC0678C12124042C00DF0466 /* Controller */,
				EC4D270E212AB92400795A92 /* DataSource */,
				EC4D270F212AB94800795A92 /* View */,
				EC4D2710212AB95100795A92 /* Model */,
			);
			path = PersonalCenter;
			sourceTree = "<group>";
		};
		EC0678C12124042C00DF0466 /* Controller */ = {
			isa = PBXGroup;
			children = (
				EC0678C22124044900DF0466 /* ICPersonalCenterController.swift */,
				EC0678C32124044900DF0466 /* ICPersonalCenterController.xib */,
			);
			path = Controller;
			sourceTree = "<group>";
		};
		EC0678CA2124112000DF0466 /* Cell */ = {
			isa = PBXGroup;
			children = (
				ECA2C42A2122DA530011EFD3 /* ICInnListViewCell.swift */,
				ECA2C42B2122DA530011EFD3 /* ICInnListViewCell.xib */,
			);
			path = Cell;
			sourceTree = "<group>";
		};
		EC0678CB2124113700DF0466 /* Model */ = {
			isa = PBXGroup;
			children = (
				EC59807D21256C4300547E3E /* ICInnListCellModel.swift */,
			);
			path = Model;
			sourceTree = "<group>";
		};
		EC0678CC212420C200DF0466 /* Other */ = {
			isa = PBXGroup;
			children = (
				EC0678CF2124231800DF0466 /* ICListDataSource.swift */,
			);
			path = Other;
			sourceTree = "<group>";
		};
		EC0678D12124318400DF0466 /* DataSource */ = {
			isa = PBXGroup;
			children = (
				EC0678D2212431D100DF0466 /* ICInnListDataSource.swift */,
			);
			path = DataSource;
			sourceTree = "<group>";
		};
		EC099CD52126B1D30002AA65 /* Controller */ = {
			isa = PBXGroup;
			children = (
				EC099CD72126B21C0002AA65 /* ICTopicListController.swift */,
				EC099CD82126B21C0002AA65 /* ICTopicListController.xib */,
			);
			path = Controller;
			sourceTree = "<group>";
		};
		EC099CD62126B1E70002AA65 /* View */ = {
			isa = PBXGroup;
			children = (
				EC59808021257F0300547E3E /* ICTopicListView.swift */,
				EC59808421258A6B00547E3E /* Cell */,
			);
			path = View;
			sourceTree = "<group>";
		};
		EC2E7B05212E8D2B004C49F9 /* Header */ = {
			isa = PBXGroup;
			children = (
				EC2E7B03212E8D1F004C49F9 /* ICTopicDiscussionTitleHeader.swift */,
				EC2E7B06212E8D4B004C49F9 /* ICTopicDiscussionTitleHeader.xib */,
			);
			path = Header;
			sourceTree = "<group>";
		};
		EC2FB5E1212C084600D08CE0 /* Header */ = {
			isa = PBXGroup;
			children = (
				EC2FB5E4212C097200D08CE0 /* ICPersonalCenterHeader.swift */,
				EC2FB5E6212C098D00D08CE0 /* ICPersonalCenterHeader.xib */,
			);
			path = Header;
			sourceTree = "<group>";
		};
		EC38D2A4212FAFDC008B91E7 /* Message */ = {
			isa = PBXGroup;
			children = (
				EC38D2A5212FB009008B91E7 /* Controller */,
			);
			path = Message;
			sourceTree = "<group>";
		};
		EC38D2A5212FB009008B91E7 /* Controller */ = {
			isa = PBXGroup;
			children = (
				EC38D2A6212FB02A008B91E7 /* ICMessageController.swift */,
				EC38D2A7212FB02A008B91E7 /* ICMessageController.xib */,
			);
			path = Controller;
			sourceTree = "<group>";
		};
		EC4D26F6212A6BC900795A92 /* Category */ = {
			isa = PBXGroup;
			children = (
				EC4D26F7212A6C1500795A92 /* UIViewController+DismissKeyboard.swift */,
			);
			path = Category;
			sourceTree = "<group>";
		};
		EC4D26F9212A9AF700795A92 /* TopicDiscussion */ = {
			isa = PBXGroup;
			children = (
				EC4D26FA212AA6AE00795A92 /* Controller */,
				EC4D26FB212AA6BB00795A92 /* DataSource */,
				EC4D26FC212AA6C400795A92 /* View */,
				EC4D26FD212AA6CB00795A92 /* Model */,
			);
			path = TopicDiscussion;
			sourceTree = "<group>";
		};
		EC4D26FA212AA6AE00795A92 /* Controller */ = {
			isa = PBXGroup;
			children = (
				EC4D26FE212AA6E900795A92 /* ICTopicDiscussionController.swift */,
				EC4D26FF212AA6E900795A92 /* ICTopicDiscussionController.xib */,
			);
			path = Controller;
			sourceTree = "<group>";
		};
		EC4D26FB212AA6BB00795A92 /* DataSource */ = {
			isa = PBXGroup;
			children = (
				EC2E7B01212E53C4004C49F9 /* TopicDiscussionDataTest.plist */,
				EC4D2702212AA71100795A92 /* ICTopicDiscussionDataSource.swift */,
			);
			path = DataSource;
			sourceTree = "<group>";
		};
		EC4D26FC212AA6C400795A92 /* View */ = {
			isa = PBXGroup;
			children = (
				EC4D2704212AA74700795A92 /* ICTopicDiscussionView.swift */,
				EC2E7B05212E8D2B004C49F9 /* Header */,
				EC4D2706212AA75000795A92 /* Cell */,
			);
			path = View;
			sourceTree = "<group>";
		};
		EC4D26FD212AA6CB00795A92 /* Model */ = {
			isa = PBXGroup;
			children = (
				EC4D270B212AA79E00795A92 /* ICTopicDiscussionCellModel.swift */,
			);
			path = Model;
			sourceTree = "<group>";
		};
		EC4D2706212AA75000795A92 /* Cell */ = {
			isa = PBXGroup;
			children = (
				EC4D2707212AA77500795A92 /* ICTopicDiscussionCell.swift */,
				EC4D2708212AA77500795A92 /* ICTopicDiscussionCell.xib */,
			);
			path = Cell;
			sourceTree = "<group>";
		};
		EC4D270D212AB68400795A92 /* Topic */ = {
			isa = PBXGroup;
			children = (
				EC59807F21257CA300547E3E /* TopicList */,
				EC4D26F9212A9AF700795A92 /* TopicDiscussion */,
			);
			path = Topic;
			sourceTree = "<group>";
		};
		EC4D270E212AB92400795A92 /* DataSource */ = {
			isa = PBXGroup;
			children = (
				EC4D271A212ABFDD00795A92 /* ICPersonalCenterDataSource.swift */,
			);
			path = DataSource;
			sourceTree = "<group>";
		};
		EC4D270F212AB94800795A92 /* View */ = {
			isa = PBXGroup;
			children = (
				EC4D2717212ABFB900795A92 /* ICPersonalCenterView.swift */,
				EC2FB5E1212C084600D08CE0 /* Header */,
				EC4D2719212ABFC000795A92 /* Cell */,
			);
			path = View;
			sourceTree = "<group>";
		};
		EC4D2710212AB95100795A92 /* Model */ = {
			isa = PBXGroup;
			children = (
				EC4D2711212ABF8200795A92 /* ICPersonalCenterCellModel.swift */,
			);
			path = Model;
			sourceTree = "<group>";
		};
		EC4D2719212ABFC000795A92 /* Cell */ = {
			isa = PBXGroup;
			children = (
				EC4D2713212ABFA600795A92 /* ICPersonalCenterCell.swift */,
				EC4D2714212ABFA600795A92 /* ICPersonalCenterCell.xib */,
			);
			path = Cell;
			sourceTree = "<group>";
		};
		EC59807F21257CA300547E3E /* TopicList */ = {
			isa = PBXGroup;
			children = (
				EC099CD52126B1D30002AA65 /* Controller */,
				EC598082212580D300547E3E /* DataSource */,
				EC099CD62126B1E70002AA65 /* View */,
				EC59808321258A6800547E3E /* Model */,
			);
			path = TopicList;
			sourceTree = "<group>";
		};
		EC598082212580D300547E3E /* DataSource */ = {
			isa = PBXGroup;
			children = (
				EC099CCD212666FA0002AA65 /* ICTopicListDataSource.swift */,
			);
			path = DataSource;
			sourceTree = "<group>";
		};
		EC59808321258A6800547E3E /* Model */ = {
			isa = PBXGroup;
			children = (
				EC099CD321266A620002AA65 /* ICTopicListViewCellModel.swift */,
			);
			path = Model;
			sourceTree = "<group>";
		};
		EC59808421258A6B00547E3E /* Cell */ = {
			isa = PBXGroup;
			children = (
				EC099CCF212669980002AA65 /* ICTopicListViewCell.swift */,
				EC099CD0212669980002AA65 /* ICTopicListViewCell.xib */,
			);
			path = Cell;
			sourceTree = "<group>";
		};
		ECA2C3D32122A9A90011EFD3 = {
			isa = PBXGroup;
			children = (
				ECA2C3DE2122A9A90011EFD3 /* InnCloud */,
				ECA2C3F62122A9AA0011EFD3 /* InnCloudTests */,
				ECA2C4012122A9AA0011EFD3 /* InnCloudUITests */,
				ECA2C3DD2122A9A90011EFD3 /* Products */,
				DAB3BEDAB86F5D7E94300787 /* Pods */,
				3A1C22A2481360C5F8D29AAC /* Frameworks */,
			);
			sourceTree = "<group>";
		};
		ECA2C3DD2122A9A90011EFD3 /* Products */ = {
			isa = PBXGroup;
			children = (
				ECA2C3DC2122A9A90011EFD3 /* InnCloud.app */,
				ECA2C3F32122A9AA0011EFD3 /* InnCloudTests.xctest */,
				ECA2C3FE2122A9AA0011EFD3 /* InnCloudUITests.xctest */,
			);
			name = Products;
			sourceTree = "<group>";
		};
		ECA2C3DE2122A9A90011EFD3 /* InnCloud */ = {
			isa = PBXGroup;
			children = (
				EC0678B62123D40E00DF0466 /* Public */,
				ECA2C4102122ABBA0011EFD3 /* Module */,
				ECA2C3DF2122A9A90011EFD3 /* AppDelegate.swift */,
				ECA2C3E92122A9AA0011EFD3 /* Assets.xcassets */,
				ECA2C3EB2122A9AA0011EFD3 /* LaunchScreen.storyboard */,
				ECA2C3EE2122A9AA0011EFD3 /* Info.plist */,
				ECA2C3E62122A9A90011EFD3 /* InnCloud.xcdatamodeld */,
			);
			path = InnCloud;
			sourceTree = "<group>";
		};
		ECA2C3F62122A9AA0011EFD3 /* InnCloudTests */ = {
			isa = PBXGroup;
			children = (
				ECA2C3F72122A9AA0011EFD3 /* InnCloudTests.swift */,
				ECA2C3F92122A9AA0011EFD3 /* Info.plist */,
			);
			path = InnCloudTests;
			sourceTree = "<group>";
		};
		ECA2C4012122A9AA0011EFD3 /* InnCloudUITests */ = {
			isa = PBXGroup;
			children = (
				ECA2C4022122A9AA0011EFD3 /* InnCloudUITests.swift */,
				ECA2C4042122A9AA0011EFD3 /* Info.plist */,
			);
			path = InnCloudUITests;
			sourceTree = "<group>";
		};
		ECA2C4102122ABBA0011EFD3 /* Module */ = {
			isa = PBXGroup;
			children = (
				ECA2C4112122B0EA0011EFD3 /* Base */,
				ECA2C4172122B1E20011EFD3 /* Main */,
				ECA2C4262122D9640011EFD3 /* Commons */,
				EC4D270D212AB68400795A92 /* Topic */,
				ECA2C41C2122BDE80011EFD3 /* Recommendation */,
				EC0678BA212402ED00DF0466 /* Pertinent */,
				EC38D2A4212FAFDC008B91E7 /* Message */,
				EC0678C02124040F00DF0466 /* PersonalCenter */,
			);
			path = Module;
			sourceTree = "<group>";
		};
		ECA2C4112122B0EA0011EFD3 /* Base */ = {
			isa = PBXGroup;
			children = (
				EC0678CC212420C200DF0466 /* Other */,
				ECA2C4122122B1150011EFD3 /* Controller */,
				ECA2C4142122B1320011EFD3 /* View */,
				ECA2C4132122B1240011EFD3 /* Model */,
			);
			path = Base;
			sourceTree = "<group>";
		};
		ECA2C4122122B1150011EFD3 /* Controller */ = {
			isa = PBXGroup;
			children = (
				ECA2C41A2122B8480011EFD3 /* ICNavigationControllerr.swift */,
				ECA2C4152122B1580011EFD3 /* ICViewController.swift */,
			);
			path = Controller;
			sourceTree = "<group>";
		};
		ECA2C4132122B1240011EFD3 /* Model */ = {
			isa = PBXGroup;
			children = (
				EC59807B21254C7A00547E3E /* ICViewModel.swift */,
			);
			path = Model;
			sourceTree = "<group>";
		};
		ECA2C4142122B1320011EFD3 /* View */ = {
			isa = PBXGroup;
			children = (
				EC2FB5E2212C093000D08CE0 /* ICView.swift */,
				ECA2C4222122CEE10011EFD3 /* ICCollectionView.swift */,
				ECA2C4242122CEFF0011EFD3 /* ICCollectionViewCell.swift */,
				EC0678C62124092900DF0466 /* ICTableView.swift */,
				EC0678C82124094300DF0466 /* ICTableViewCell.swift */,
			);
			path = View;
			sourceTree = "<group>";
		};
		ECA2C4172122B1E20011EFD3 /* Main */ = {
			isa = PBXGroup;
			children = (
				ECA2C4182122B2160011EFD3 /* ICMainTabBarController.swift */,
			);
			path = Main;
			sourceTree = "<group>";
		};
		ECA2C41C2122BDE80011EFD3 /* Recommendation */ = {
			isa = PBXGroup;
			children = (
				ECA2C41D2122BDF70011EFD3 /* Controller */,
			);
			path = Recommendation;
			sourceTree = "<group>";
		};
		ECA2C41D2122BDF70011EFD3 /* Controller */ = {
			isa = PBXGroup;
			children = (
				ECA2C41E2122BE270011EFD3 /* ICRecommendationController.swift */,
				ECA2C41F2122BE270011EFD3 /* ICRecommendationController.xib */,
			);
			path = Controller;
			sourceTree = "<group>";
		};
		ECA2C4262122D9640011EFD3 /* Commons */ = {
			isa = PBXGroup;
			children = (
				ECA2C4272122DA110011EFD3 /* InnList */,
			);
			path = Commons;
			sourceTree = "<group>";
		};
		ECA2C4272122DA110011EFD3 /* InnList */ = {
			isa = PBXGroup;
			children = (
				ECA2C4282122DA350011EFD3 /* ICInnListView.swift */,
				EC0678D12124318400DF0466 /* DataSource */,
				EC0678CA2124112000DF0466 /* Cell */,
				EC0678CB2124113700DF0466 /* Model */,
			);
			path = InnList;
			sourceTree = "<group>";
		};
/* End PBXGroup section */

/* Begin PBXNativeTarget section */
		ECA2C3DB2122A9A90011EFD3 /* InnCloud */ = {
			isa = PBXNativeTarget;
			buildConfigurationList = ECA2C4072122A9AA0011EFD3 /* Build configuration list for PBXNativeTarget "InnCloud" */;
			buildPhases = (
				ADA90742799191D6E3B5A427 /* [CP] Check Pods Manifest.lock */,
				ECA2C3D82122A9A90011EFD3 /* Sources */,
				ECA2C3D92122A9A90011EFD3 /* Frameworks */,
				ECA2C3DA2122A9A90011EFD3 /* Resources */,
				2FB6D15D7B259D4632FC65B5 /* [CP] Embed Pods Frameworks */,
			);
			buildRules = (
			);
			dependencies = (
			);
			name = InnCloud;
			productName = InnCloud;
			productReference = ECA2C3DC2122A9A90011EFD3 /* InnCloud.app */;
			productType = "com.apple.product-type.application";
		};
		ECA2C3F22122A9AA0011EFD3 /* InnCloudTests */ = {
			isa = PBXNativeTarget;
			buildConfigurationList = ECA2C40A2122A9AA0011EFD3 /* Build configuration list for PBXNativeTarget "InnCloudTests" */;
			buildPhases = (
				C1D570478EFD847A8519E00E /* [CP] Check Pods Manifest.lock */,
				ECA2C3EF2122A9AA0011EFD3 /* Sources */,
				ECA2C3F02122A9AA0011EFD3 /* Frameworks */,
				ECA2C3F12122A9AA0011EFD3 /* Resources */,
			);
			buildRules = (
			);
			dependencies = (
				ECA2C3F52122A9AA0011EFD3 /* PBXTargetDependency */,
			);
			name = InnCloudTests;
			productName = InnCloudTests;
			productReference = ECA2C3F32122A9AA0011EFD3 /* InnCloudTests.xctest */;
			productType = "com.apple.product-type.bundle.unit-test";
		};
		ECA2C3FD2122A9AA0011EFD3 /* InnCloudUITests */ = {
			isa = PBXNativeTarget;
			buildConfigurationList = ECA2C40D2122A9AA0011EFD3 /* Build configuration list for PBXNativeTarget "InnCloudUITests" */;
			buildPhases = (
				4440D516460BACE7261AC5F3 /* [CP] Check Pods Manifest.lock */,
				ECA2C3FA2122A9AA0011EFD3 /* Sources */,
				ECA2C3FB2122A9AA0011EFD3 /* Frameworks */,
				ECA2C3FC2122A9AA0011EFD3 /* Resources */,
			);
			buildRules = (
			);
			dependencies = (
				ECA2C4002122A9AA0011EFD3 /* PBXTargetDependency */,
			);
			name = InnCloudUITests;
			productName = InnCloudUITests;
			productReference = ECA2C3FE2122A9AA0011EFD3 /* InnCloudUITests.xctest */;
			productType = "com.apple.product-type.bundle.ui-testing";
		};
/* End PBXNativeTarget section */

/* Begin PBXProject section */
		ECA2C3D42122A9A90011EFD3 /* Project object */ = {
			isa = PBXProject;
			attributes = {
				CLASSPREFIX = IC;
				LastSwiftUpdateCheck = 0940;
				LastUpgradeCheck = 0940;
				ORGANIZATIONNAME = Emrys;
				TargetAttributes = {
					ECA2C3DB2122A9A90011EFD3 = {
						CreatedOnToolsVersion = 9.4.1;
					};
					ECA2C3F22122A9AA0011EFD3 = {
						CreatedOnToolsVersion = 9.4.1;
						TestTargetID = ECA2C3DB2122A9A90011EFD3;
					};
					ECA2C3FD2122A9AA0011EFD3 = {
						CreatedOnToolsVersion = 9.4.1;
						TestTargetID = ECA2C3DB2122A9A90011EFD3;
					};
				};
			};
			buildConfigurationList = ECA2C3D72122A9A90011EFD3 /* Build configuration list for PBXProject "InnCloud" */;
			compatibilityVersion = "Xcode 9.3";
			developmentRegion = en;
			hasScannedForEncodings = 0;
			knownRegions = (
				en,
				Base,
			);
			mainGroup = ECA2C3D32122A9A90011EFD3;
			productRefGroup = ECA2C3DD2122A9A90011EFD3 /* Products */;
			projectDirPath = "";
			projectRoot = "";
			targets = (
				ECA2C3DB2122A9A90011EFD3 /* InnCloud */,
				ECA2C3F22122A9AA0011EFD3 /* InnCloudTests */,
				ECA2C3FD2122A9AA0011EFD3 /* InnCloudUITests */,
			);
		};
/* End PBXProject section */

/* Begin PBXResourcesBuildPhase section */
		ECA2C3DA2122A9A90011EFD3 /* Resources */ = {
			isa = PBXResourcesBuildPhase;
			buildActionMask = 2147483647;
			files = (
				ECA2C4212122BE270011EFD3 /* ICRecommendationController.xib in Resources */,
				EC2E7B02212E53C4004C49F9 /* TopicDiscussionDataTest.plist in Resources */,
				EC2E7B07212E8D4B004C49F9 /* ICTopicDiscussionTitleHeader.xib in Resources */,
				EC2FB5E7212C098D00D08CE0 /* ICPersonalCenterHeader.xib in Resources */,
				EC4D270A212AA77500795A92 /* ICTopicDiscussionCell.xib in Resources */,
				EC099CD2212669980002AA65 /* ICTopicListViewCell.xib in Resources */,
				EC38D2A9212FB02A008B91E7 /* ICMessageController.xib in Resources */,
				ECA2C3ED2122A9AA0011EFD3 /* LaunchScreen.storyboard in Resources */,
				EC0678C52124044900DF0466 /* ICPersonalCenterController.xib in Resources */,
				EC4D2716212ABFA600795A92 /* ICPersonalCenterCell.xib in Resources */,
				EC0678BF2124034600DF0466 /* ICPertinentController.xib in Resources */,
				EC099CDA2126B21C0002AA65 /* ICTopicListController.xib in Resources */,
				ECA2C42D2122DA530011EFD3 /* ICInnListViewCell.xib in Resources */,
				ECA2C3EA2122A9AA0011EFD3 /* Assets.xcassets in Resources */,
				EC4D2701212AA6E900795A92 /* ICTopicDiscussionController.xib in Resources */,
			);
			runOnlyForDeploymentPostprocessing = 0;
		};
		ECA2C3F12122A9AA0011EFD3 /* Resources */ = {
			isa = PBXResourcesBuildPhase;
			buildActionMask = 2147483647;
			files = (
			);
			runOnlyForDeploymentPostprocessing = 0;
		};
		ECA2C3FC2122A9AA0011EFD3 /* Resources */ = {
			isa = PBXResourcesBuildPhase;
			buildActionMask = 2147483647;
			files = (
			);
			runOnlyForDeploymentPostprocessing = 0;
		};
/* End PBXResourcesBuildPhase section */

/* Begin PBXShellScriptBuildPhase section */
		2FB6D15D7B259D4632FC65B5 /* [CP] Embed Pods Frameworks */ = {
			isa = PBXShellScriptBuildPhase;
			buildActionMask = 2147483647;
			files = (
			);
			inputPaths = (
				"${SRCROOT}/Pods/Target Support Files/Pods-InnCloud/Pods-InnCloud-frameworks.sh",
				"${BUILT_PRODUCTS_DIR}/SnapKit/SnapKit.framework",
			);
			name = "[CP] Embed Pods Frameworks";
			outputPaths = (
				"${TARGET_BUILD_DIR}/${FRAMEWORKS_FOLDER_PATH}/SnapKit.framework",
			);
			runOnlyForDeploymentPostprocessing = 0;
			shellPath = /bin/sh;
			shellScript = "\"${SRCROOT}/Pods/Target Support Files/Pods-InnCloud/Pods-InnCloud-frameworks.sh\"\n";
			showEnvVarsInLog = 0;
		};
		4440D516460BACE7261AC5F3 /* [CP] Check Pods Manifest.lock */ = {
			isa = PBXShellScriptBuildPhase;
			buildActionMask = 2147483647;
			files = (
			);
			inputPaths = (
				"${PODS_PODFILE_DIR_PATH}/Podfile.lock",
				"${PODS_ROOT}/Manifest.lock",
			);
			name = "[CP] Check Pods Manifest.lock";
			outputPaths = (
				"$(DERIVED_FILE_DIR)/Pods-InnCloudUITests-checkManifestLockResult.txt",
			);
			runOnlyForDeploymentPostprocessing = 0;
			shellPath = /bin/sh;
			shellScript = "diff \"${PODS_PODFILE_DIR_PATH}/Podfile.lock\" \"${PODS_ROOT}/Manifest.lock\" > /dev/null\nif [ $? != 0 ] ; then\n    # print error to STDERR\n    echo \"error: The sandbox is not in sync with the Podfile.lock. Run 'pod install' or update your CocoaPods installation.\" >&2\n    exit 1\nfi\n# This output is used by Xcode 'outputs' to avoid re-running this script phase.\necho \"SUCCESS\" > \"${SCRIPT_OUTPUT_FILE_0}\"\n";
			showEnvVarsInLog = 0;
		};
		ADA90742799191D6E3B5A427 /* [CP] Check Pods Manifest.lock */ = {
			isa = PBXShellScriptBuildPhase;
			buildActionMask = 2147483647;
			files = (
			);
			inputPaths = (
				"${PODS_PODFILE_DIR_PATH}/Podfile.lock",
				"${PODS_ROOT}/Manifest.lock",
			);
			name = "[CP] Check Pods Manifest.lock";
			outputPaths = (
				"$(DERIVED_FILE_DIR)/Pods-InnCloud-checkManifestLockResult.txt",
			);
			runOnlyForDeploymentPostprocessing = 0;
			shellPath = /bin/sh;
			shellScript = "diff \"${PODS_PODFILE_DIR_PATH}/Podfile.lock\" \"${PODS_ROOT}/Manifest.lock\" > /dev/null\nif [ $? != 0 ] ; then\n    # print error to STDERR\n    echo \"error: The sandbox is not in sync with the Podfile.lock. Run 'pod install' or update your CocoaPods installation.\" >&2\n    exit 1\nfi\n# This output is used by Xcode 'outputs' to avoid re-running this script phase.\necho \"SUCCESS\" > \"${SCRIPT_OUTPUT_FILE_0}\"\n";
			showEnvVarsInLog = 0;
		};
		C1D570478EFD847A8519E00E /* [CP] Check Pods Manifest.lock */ = {
			isa = PBXShellScriptBuildPhase;
			buildActionMask = 2147483647;
			files = (
			);
			inputPaths = (
				"${PODS_PODFILE_DIR_PATH}/Podfile.lock",
				"${PODS_ROOT}/Manifest.lock",
			);
			name = "[CP] Check Pods Manifest.lock";
			outputPaths = (
				"$(DERIVED_FILE_DIR)/Pods-InnCloudTests-checkManifestLockResult.txt",
			);
			runOnlyForDeploymentPostprocessing = 0;
			shellPath = /bin/sh;
			shellScript = "diff \"${PODS_PODFILE_DIR_PATH}/Podfile.lock\" \"${PODS_ROOT}/Manifest.lock\" > /dev/null\nif [ $? != 0 ] ; then\n    # print error to STDERR\n    echo \"error: The sandbox is not in sync with the Podfile.lock. Run 'pod install' or update your CocoaPods installation.\" >&2\n    exit 1\nfi\n# This output is used by Xcode 'outputs' to avoid re-running this script phase.\necho \"SUCCESS\" > \"${SCRIPT_OUTPUT_FILE_0}\"\n";
			showEnvVarsInLog = 0;
		};
/* End PBXShellScriptBuildPhase section */

/* Begin PBXSourcesBuildPhase section */
		ECA2C3D82122A9A90011EFD3 /* Sources */ = {
			isa = PBXSourcesBuildPhase;
			buildActionMask = 2147483647;
			files = (
				EC4D2703212AA71100795A92 /* ICTopicDiscussionDataSource.swift in Sources */,
				EC0678C92124094300DF0466 /* ICTableViewCell.swift in Sources */,
				EC4D270C212AA79E00795A92 /* ICTopicDiscussionCellModel.swift in Sources */,
				EC099CCE212666FA0002AA65 /* ICTopicListDataSource.swift in Sources */,
				EC4D2712212ABF8200795A92 /* ICPersonalCenterCellModel.swift in Sources */,
				EC099CD1212669980002AA65 /* ICTopicListViewCell.swift in Sources */,
				EC4D2715212ABFA600795A92 /* ICPersonalCenterCell.swift in Sources */,
				EC0678D3212431D100DF0466 /* ICInnListDataSource.swift in Sources */,
				ECA2C4252122CEFF0011EFD3 /* ICCollectionViewCell.swift in Sources */,
				EC4D2709212AA77500795A92 /* ICTopicDiscussionCell.swift in Sources */,
				ECA2C4192122B2160011EFD3 /* ICMainTabBarController.swift in Sources */,
				EC0678B92123D43400DF0466 /* VendorHeader.swift in Sources */,
				EC099CD421266A620002AA65 /* ICTopicListViewCellModel.swift in Sources */,
				EC2FB5E5212C097200D08CE0 /* ICPersonalCenterHeader.swift in Sources */,
				EC0678D02124231800DF0466 /* ICListDataSource.swift in Sources */,
				EC59808121257F0300547E3E /* ICTopicListView.swift in Sources */,
				EC59807C21254C7A00547E3E /* ICViewModel.swift in Sources */,
				EC0678C72124092900DF0466 /* ICTableView.swift in Sources */,
				EC0678C42124044900DF0466 /* ICPersonalCenterController.swift in Sources */,
				EC2FB5E3212C093000D08CE0 /* ICView.swift in Sources */,
				EC0678BE2124034600DF0466 /* ICPertinentController.swift in Sources */,
				ECA2C3E82122A9A90011EFD3 /* InnCloud.xcdatamodeld in Sources */,
				EC2E7B04212E8D1F004C49F9 /* ICTopicDiscussionTitleHeader.swift in Sources */,
				EC4D2705212AA74700795A92 /* ICTopicDiscussionView.swift in Sources */,
				EC4D26F8212A6C1500795A92 /* UIViewController+DismissKeyboard.swift in Sources */,
				EC4D2718212ABFB900795A92 /* ICPersonalCenterView.swift in Sources */,
				ECA2C4232122CEE10011EFD3 /* ICCollectionView.swift in Sources */,
				EC38D2A8212FB02A008B91E7 /* ICMessageController.swift in Sources */,
				EC59807E21256C4300547E3E /* ICInnListCellModel.swift in Sources */,
				EC099CD92126B21C0002AA65 /* ICTopicListController.swift in Sources */,
				ECA2C4162122B1580011EFD3 /* ICViewController.swift in Sources */,
				ECA2C4292122DA350011EFD3 /* ICInnListView.swift in Sources */,
				EC4D271B212ABFDD00795A92 /* ICPersonalCenterDataSource.swift in Sources */,
				ECA2C42C2122DA530011EFD3 /* ICInnListViewCell.swift in Sources */,
				ECA2C41B2122B8480011EFD3 /* ICNavigationControllerr.swift in Sources */,
				ECA2C4202122BE270011EFD3 /* ICRecommendationController.swift in Sources */,
				ECA2C3E02122A9A90011EFD3 /* AppDelegate.swift in Sources */,
				EC4D2700212AA6E900795A92 /* ICTopicDiscussionController.swift in Sources */,
			);
			runOnlyForDeploymentPostprocessing = 0;
		};
		ECA2C3EF2122A9AA0011EFD3 /* Sources */ = {
			isa = PBXSourcesBuildPhase;
			buildActionMask = 2147483647;
			files = (
				ECA2C3F82122A9AA0011EFD3 /* InnCloudTests.swift in Sources */,
			);
			runOnlyForDeploymentPostprocessing = 0;
		};
		ECA2C3FA2122A9AA0011EFD3 /* Sources */ = {
			isa = PBXSourcesBuildPhase;
			buildActionMask = 2147483647;
			files = (
				ECA2C4032122A9AA0011EFD3 /* InnCloudUITests.swift in Sources */,
			);
			runOnlyForDeploymentPostprocessing = 0;
		};
/* End PBXSourcesBuildPhase section */

/* Begin PBXTargetDependency section */
		ECA2C3F52122A9AA0011EFD3 /* PBXTargetDependency */ = {
			isa = PBXTargetDependency;
			target = ECA2C3DB2122A9A90011EFD3 /* InnCloud */;
			targetProxy = ECA2C3F42122A9AA0011EFD3 /* PBXContainerItemProxy */;
		};
		ECA2C4002122A9AA0011EFD3 /* PBXTargetDependency */ = {
			isa = PBXTargetDependency;
			target = ECA2C3DB2122A9A90011EFD3 /* InnCloud */;
			targetProxy = ECA2C3FF2122A9AA0011EFD3 /* PBXContainerItemProxy */;
		};
/* End PBXTargetDependency section */

/* Begin PBXVariantGroup section */
		ECA2C3EB2122A9AA0011EFD3 /* LaunchScreen.storyboard */ = {
			isa = PBXVariantGroup;
			children = (
				ECA2C3EC2122A9AA0011EFD3 /* Base */,
			);
			name = LaunchScreen.storyboard;
			sourceTree = "<group>";
		};
/* End PBXVariantGroup section */

/* Begin XCBuildConfiguration section */
		ECA2C4052122A9AA0011EFD3 /* Debug */ = {
			isa = XCBuildConfiguration;
			buildSettings = {
				ALWAYS_SEARCH_USER_PATHS = NO;
				CLANG_ANALYZER_NONNULL = YES;
				CLANG_ANALYZER_NUMBER_OBJECT_CONVERSION = YES_AGGRESSIVE;
				CLANG_CXX_LANGUAGE_STANDARD = "gnu++14";
				CLANG_CXX_LIBRARY = "libc++";
				CLANG_ENABLE_MODULES = YES;
				CLANG_ENABLE_OBJC_ARC = YES;
				CLANG_ENABLE_OBJC_WEAK = YES;
				CLANG_WARN_BLOCK_CAPTURE_AUTORELEASING = YES;
				CLANG_WARN_BOOL_CONVERSION = YES;
				CLANG_WARN_COMMA = YES;
				CLANG_WARN_CONSTANT_CONVERSION = YES;
				CLANG_WARN_DEPRECATED_OBJC_IMPLEMENTATIONS = YES;
				CLANG_WARN_DIRECT_OBJC_ISA_USAGE = YES_ERROR;
				CLANG_WARN_DOCUMENTATION_COMMENTS = YES;
				CLANG_WARN_EMPTY_BODY = YES;
				CLANG_WARN_ENUM_CONVERSION = YES;
				CLANG_WARN_INFINITE_RECURSION = YES;
				CLANG_WARN_INT_CONVERSION = YES;
				CLANG_WARN_NON_LITERAL_NULL_CONVERSION = YES;
				CLANG_WARN_OBJC_IMPLICIT_RETAIN_SELF = YES;
				CLANG_WARN_OBJC_LITERAL_CONVERSION = YES;
				CLANG_WARN_OBJC_ROOT_CLASS = YES_ERROR;
				CLANG_WARN_RANGE_LOOP_ANALYSIS = YES;
				CLANG_WARN_STRICT_PROTOTYPES = YES;
				CLANG_WARN_SUSPICIOUS_MOVE = YES;
				CLANG_WARN_UNGUARDED_AVAILABILITY = YES_AGGRESSIVE;
				CLANG_WARN_UNREACHABLE_CODE = YES;
				CLANG_WARN__DUPLICATE_METHOD_MATCH = YES;
				CODE_SIGN_IDENTITY = "iPhone Developer";
				COPY_PHASE_STRIP = NO;
				DEBUG_INFORMATION_FORMAT = dwarf;
				ENABLE_STRICT_OBJC_MSGSEND = YES;
				ENABLE_TESTABILITY = YES;
				GCC_C_LANGUAGE_STANDARD = gnu11;
				GCC_DYNAMIC_NO_PIC = NO;
				GCC_NO_COMMON_BLOCKS = YES;
				GCC_OPTIMIZATION_LEVEL = 0;
				GCC_PREPROCESSOR_DEFINITIONS = (
					"DEBUG=1",
					"$(inherited)",
				);
				GCC_WARN_64_TO_32_BIT_CONVERSION = YES;
				GCC_WARN_ABOUT_RETURN_TYPE = YES_ERROR;
				GCC_WARN_UNDECLARED_SELECTOR = YES;
				GCC_WARN_UNINITIALIZED_AUTOS = YES_AGGRESSIVE;
				GCC_WARN_UNUSED_FUNCTION = YES;
				GCC_WARN_UNUSED_VARIABLE = YES;
				IPHONEOS_DEPLOYMENT_TARGET = 11.4;
				MTL_ENABLE_DEBUG_INFO = YES;
				ONLY_ACTIVE_ARCH = YES;
				SDKROOT = iphoneos;
				SWIFT_ACTIVE_COMPILATION_CONDITIONS = DEBUG;
				SWIFT_OPTIMIZATION_LEVEL = "-Onone";
			};
			name = Debug;
		};
		ECA2C4062122A9AA0011EFD3 /* Release */ = {
			isa = XCBuildConfiguration;
			buildSettings = {
				ALWAYS_SEARCH_USER_PATHS = NO;
				CLANG_ANALYZER_NONNULL = YES;
				CLANG_ANALYZER_NUMBER_OBJECT_CONVERSION = YES_AGGRESSIVE;
				CLANG_CXX_LANGUAGE_STANDARD = "gnu++14";
				CLANG_CXX_LIBRARY = "libc++";
				CLANG_ENABLE_MODULES = YES;
				CLANG_ENABLE_OBJC_ARC = YES;
				CLANG_ENABLE_OBJC_WEAK = YES;
				CLANG_WARN_BLOCK_CAPTURE_AUTORELEASING = YES;
				CLANG_WARN_BOOL_CONVERSION = YES;
				CLANG_WARN_COMMA = YES;
				CLANG_WARN_CONSTANT_CONVERSION = YES;
				CLANG_WARN_DEPRECATED_OBJC_IMPLEMENTATIONS = YES;
				CLANG_WARN_DIRECT_OBJC_ISA_USAGE = YES_ERROR;
				CLANG_WARN_DOCUMENTATION_COMMENTS = YES;
				CLANG_WARN_EMPTY_BODY = YES;
				CLANG_WARN_ENUM_CONVERSION = YES;
				CLANG_WARN_INFINITE_RECURSION = YES;
				CLANG_WARN_INT_CONVERSION = YES;
				CLANG_WARN_NON_LITERAL_NULL_CONVERSION = YES;
				CLANG_WARN_OBJC_IMPLICIT_RETAIN_SELF = YES;
				CLANG_WARN_OBJC_LITERAL_CONVERSION = YES;
				CLANG_WARN_OBJC_ROOT_CLASS = YES_ERROR;
				CLANG_WARN_RANGE_LOOP_ANALYSIS = YES;
				CLANG_WARN_STRICT_PROTOTYPES = YES;
				CLANG_WARN_SUSPICIOUS_MOVE = YES;
				CLANG_WARN_UNGUARDED_AVAILABILITY = YES_AGGRESSIVE;
				CLANG_WARN_UNREACHABLE_CODE = YES;
				CLANG_WARN__DUPLICATE_METHOD_MATCH = YES;
				CODE_SIGN_IDENTITY = "iPhone Developer";
				COPY_PHASE_STRIP = NO;
				DEBUG_INFORMATION_FORMAT = "dwarf-with-dsym";
				ENABLE_NS_ASSERTIONS = NO;
				ENABLE_STRICT_OBJC_MSGSEND = YES;
				GCC_C_LANGUAGE_STANDARD = gnu11;
				GCC_NO_COMMON_BLOCKS = YES;
				GCC_WARN_64_TO_32_BIT_CONVERSION = YES;
				GCC_WARN_ABOUT_RETURN_TYPE = YES_ERROR;
				GCC_WARN_UNDECLARED_SELECTOR = YES;
				GCC_WARN_UNINITIALIZED_AUTOS = YES_AGGRESSIVE;
				GCC_WARN_UNUSED_FUNCTION = YES;
				GCC_WARN_UNUSED_VARIABLE = YES;
				IPHONEOS_DEPLOYMENT_TARGET = 11.4;
				MTL_ENABLE_DEBUG_INFO = NO;
				SDKROOT = iphoneos;
				SWIFT_COMPILATION_MODE = wholemodule;
				SWIFT_OPTIMIZATION_LEVEL = "-O";
				VALIDATE_PRODUCT = YES;
			};
			name = Release;
		};
		ECA2C4082122A9AA0011EFD3 /* Debug */ = {
			isa = XCBuildConfiguration;
			baseConfigurationReference = 293D52F481BEBB5E254B8EE9 /* Pods-InnCloud.debug.xcconfig */;
			buildSettings = {
				ASSETCATALOG_COMPILER_APPICON_NAME = AppIcon;
				CODE_SIGN_STYLE = Automatic;
				INFOPLIST_FILE = InnCloud/Info.plist;
				LD_RUNPATH_SEARCH_PATHS = (
					"$(inherited)",
					"@executable_path/Frameworks",
				);
				PRODUCT_BUNDLE_IDENTIFIER = Emrys.InnCloud;
				PRODUCT_NAME = "$(TARGET_NAME)";
				SWIFT_VERSION = 4.0;
				TARGETED_DEVICE_FAMILY = "1,2";
			};
			name = Debug;
		};
		ECA2C4092122A9AA0011EFD3 /* Release */ = {
			isa = XCBuildConfiguration;
			baseConfigurationReference = F1AEF030E9FAFACD80883D08 /* Pods-InnCloud.release.xcconfig */;
			buildSettings = {
				ASSETCATALOG_COMPILER_APPICON_NAME = AppIcon;
				CODE_SIGN_STYLE = Automatic;
				INFOPLIST_FILE = InnCloud/Info.plist;
				LD_RUNPATH_SEARCH_PATHS = (
					"$(inherited)",
					"@executable_path/Frameworks",
				);
				PRODUCT_BUNDLE_IDENTIFIER = Emrys.InnCloud;
				PRODUCT_NAME = "$(TARGET_NAME)";
				SWIFT_VERSION = 4.0;
				TARGETED_DEVICE_FAMILY = "1,2";
			};
			name = Release;
		};
		ECA2C40B2122A9AA0011EFD3 /* Debug */ = {
			isa = XCBuildConfiguration;
			baseConfigurationReference = 9995DE2BA31FB57848033178 /* Pods-InnCloudTests.debug.xcconfig */;
			buildSettings = {
				ALWAYS_EMBED_SWIFT_STANDARD_LIBRARIES = YES;
				BUNDLE_LOADER = "$(TEST_HOST)";
				CODE_SIGN_STYLE = Automatic;
				INFOPLIST_FILE = InnCloudTests/Info.plist;
				LD_RUNPATH_SEARCH_PATHS = (
					"$(inherited)",
					"@executable_path/Frameworks",
					"@loader_path/Frameworks",
				);
				PRODUCT_BUNDLE_IDENTIFIER = Emrys.InnCloudTests;
				PRODUCT_NAME = "$(TARGET_NAME)";
				SWIFT_VERSION = 4.0;
				TARGETED_DEVICE_FAMILY = "1,2";
				TEST_HOST = "$(BUILT_PRODUCTS_DIR)/InnCloud.app/InnCloud";
			};
			name = Debug;
		};
		ECA2C40C2122A9AA0011EFD3 /* Release */ = {
			isa = XCBuildConfiguration;
			baseConfigurationReference = BB5B511408374117A58FE0BD /* Pods-InnCloudTests.release.xcconfig */;
			buildSettings = {
				ALWAYS_EMBED_SWIFT_STANDARD_LIBRARIES = YES;
				BUNDLE_LOADER = "$(TEST_HOST)";
				CODE_SIGN_STYLE = Automatic;
				INFOPLIST_FILE = InnCloudTests/Info.plist;
				LD_RUNPATH_SEARCH_PATHS = (
					"$(inherited)",
					"@executable_path/Frameworks",
					"@loader_path/Frameworks",
				);
				PRODUCT_BUNDLE_IDENTIFIER = Emrys.InnCloudTests;
				PRODUCT_NAME = "$(TARGET_NAME)";
				SWIFT_VERSION = 4.0;
				TARGETED_DEVICE_FAMILY = "1,2";
				TEST_HOST = "$(BUILT_PRODUCTS_DIR)/InnCloud.app/InnCloud";
			};
			name = Release;
		};
		ECA2C40E2122A9AA0011EFD3 /* Debug */ = {
			isa = XCBuildConfiguration;
			baseConfigurationReference = 64EA03146FD4102DF8CC2AC5 /* Pods-InnCloudUITests.debug.xcconfig */;
			buildSettings = {
				ALWAYS_EMBED_SWIFT_STANDARD_LIBRARIES = YES;
				CODE_SIGN_STYLE = Automatic;
				INFOPLIST_FILE = InnCloudUITests/Info.plist;
				LD_RUNPATH_SEARCH_PATHS = (
					"$(inherited)",
					"@executable_path/Frameworks",
					"@loader_path/Frameworks",
				);
				PRODUCT_BUNDLE_IDENTIFIER = Emrys.InnCloudUITests;
				PRODUCT_NAME = "$(TARGET_NAME)";
				SWIFT_VERSION = 4.0;
				TARGETED_DEVICE_FAMILY = "1,2";
				TEST_TARGET_NAME = InnCloud;
			};
			name = Debug;
		};
		ECA2C40F2122A9AA0011EFD3 /* Release */ = {
			isa = XCBuildConfiguration;
			baseConfigurationReference = 0863CA54CCB5B078CB02AECA /* Pods-InnCloudUITests.release.xcconfig */;
			buildSettings = {
				ALWAYS_EMBED_SWIFT_STANDARD_LIBRARIES = YES;
				CODE_SIGN_STYLE = Automatic;
				INFOPLIST_FILE = InnCloudUITests/Info.plist;
				LD_RUNPATH_SEARCH_PATHS = (
					"$(inherited)",
					"@executable_path/Frameworks",
					"@loader_path/Frameworks",
				);
				PRODUCT_BUNDLE_IDENTIFIER = Emrys.InnCloudUITests;
				PRODUCT_NAME = "$(TARGET_NAME)";
				SWIFT_VERSION = 4.0;
				TARGETED_DEVICE_FAMILY = "1,2";
				TEST_TARGET_NAME = InnCloud;
			};
			name = Release;
		};
/* End XCBuildConfiguration section */

/* Begin XCConfigurationList section */
		ECA2C3D72122A9A90011EFD3 /* Build configuration list for PBXProject "InnCloud" */ = {
			isa = XCConfigurationList;
			buildConfigurations = (
				ECA2C4052122A9AA0011EFD3 /* Debug */,
				ECA2C4062122A9AA0011EFD3 /* Release */,
			);
			defaultConfigurationIsVisible = 0;
			defaultConfigurationName = Release;
		};
		ECA2C4072122A9AA0011EFD3 /* Build configuration list for PBXNativeTarget "InnCloud" */ = {
			isa = XCConfigurationList;
			buildConfigurations = (
				ECA2C4082122A9AA0011EFD3 /* Debug */,
				ECA2C4092122A9AA0011EFD3 /* Release */,
			);
			defaultConfigurationIsVisible = 0;
			defaultConfigurationName = Release;
		};
		ECA2C40A2122A9AA0011EFD3 /* Build configuration list for PBXNativeTarget "InnCloudTests" */ = {
			isa = XCConfigurationList;
			buildConfigurations = (
				ECA2C40B2122A9AA0011EFD3 /* Debug */,
				ECA2C40C2122A9AA0011EFD3 /* Release */,
			);
			defaultConfigurationIsVisible = 0;
			defaultConfigurationName = Release;
		};
		ECA2C40D2122A9AA0011EFD3 /* Build configuration list for PBXNativeTarget "InnCloudUITests" */ = {
			isa = XCConfigurationList;
			buildConfigurations = (
				ECA2C40E2122A9AA0011EFD3 /* Debug */,
				ECA2C40F2122A9AA0011EFD3 /* Release */,
			);
			defaultConfigurationIsVisible = 0;
			defaultConfigurationName = Release;
		};
/* End XCConfigurationList section */

/* Begin XCVersionGroup section */
		ECA2C3E62122A9A90011EFD3 /* InnCloud.xcdatamodeld */ = {
			isa = XCVersionGroup;
			children = (
				ECA2C3E72122A9A90011EFD3 /* InnCloud.xcdatamodel */,
			);
			currentVersion = ECA2C3E72122A9A90011EFD3 /* InnCloud.xcdatamodel */;
			path = InnCloud.xcdatamodeld;
			sourceTree = "<group>";
			versionGroupType = wrapper.xcdatamodel;
		};
/* End XCVersionGroup section */
	};
	rootObject = ECA2C3D42122A9A90011EFD3 /* Project object */;
}
